<Solution>
  <Project Path="SpaceExplorationGame.Engine/SpaceExplorationGame.Engine.csproj" />
  <Project Path="SpaceExplorationGame.Engine.Sdl/SpaceExplorationGame.Engine.Sdl.csproj" />
  <Project Path="SpaceExplorationGame.Game/SpaceExplorationGame.Game.csproj" />
  <Project Path="SpaceExplorationGame.Game.Sdl/SpaceExplorationGame.Game.Sdl.csproj" />
</Solution>
